
Microsoft Visual Studio Solution File, Format Version 11.00
# Visual Studio 2010
Project("{FAE04EC0-301F-11D3-BF4B-00C04F79EFBC}") = "$RIIN4JD", "Assembly-CSharp.csproj", "{4831CBC6-1EF4-4FBD-7845-28A6DAFB5E69}"
EndProject
Project("{FAE04EC0-301F-11D3-BF4B-00C04F79EFBC}") = "$RIIN4JD", "Assembly-CSharp-firstpass.csproj", "{B24D0A56-280C-C79F-89DC-2A2D4B9E57CA}"
EndProject
Project("{FAE04EC0-301F-11D3-BF4B-00C04F79EFBC}") = "$RIIN4JD", "Assembly-CSharp-Editor.csproj", "{7F20D617-E0BA-90CC-8C9D-7B2570924310}"
EndProject
Project("{FAE04EC0-301F-11D3-BF4B-00C04F79EFBC}") = "$RIIN4JD", "Assembly-CSharp-Editor-firstpass.csproj", "{FF6626F3-3194-C9FD-0962-13139FB09B50}"
EndProject
Global
	GlobalSection(SolutionConfigurationPlatforms) = preSolution
		Debug|Any CPU = Debug|Any CPU
		Release|Any CPU = Release|Any CPU
	EndGlobalSection
	GlobalSection(ProjectConfigurationPlatforms) = postSolution
		{4831CBC6-1EF4-4FBD-7845-28A6DAFB5E69}.Debug|Any CPU.ActiveCfg = Debug|Any CPU
		{4831CBC6-1EF4-4FBD-7845-28A6DAFB5E69}.Debug|Any CPU.Build.0 = Debug|Any CPU
		{4831CBC6-1EF4-4FBD-7845-28A6DAFB5E69}.Release|Any CPU.ActiveCfg = Release|Any CPU
		{4831CBC6-1EF4-4FBD-7845-28A6DAFB5E69}.Release|Any CPU.Build.0 = Release|Any CPU
		{B24D0A56-280C-C79F-89DC-2A2D4B9E57CA}.Debug|Any CPU.ActiveCfg = Debug|Any CPU
		{B24D0A56-280C-C79F-89DC-2A2D4B9E57CA}.Debug|Any CPU.Build.0 = Debug|Any CPU
		{B24D0A56-280C-C79F-89DC-2A2D4B9E57CA}.Release|Any CPU.ActiveCfg = Release|Any CPU
		{B24D0A56-280C-C79F-89DC-2A2D4B9E57CA}.Release|Any CPU.Build.0 = Release|Any CPU
		{7F20D617-E0BA-90CC-8C9D-7B2570924310}.Debug|Any CPU.ActiveCfg = Debug|Any CPU
		{7F20D617-E0BA-90CC-8C9D-7B2570924310}.Debug|Any CPU.Build.0 = Debug|Any CPU
		{7F20D617-E0BA-90CC-8C9D-7B2570924310}.Release|Any CPU.ActiveCfg = Release|Any CPU
		{7F20D617-E0BA-90CC-8C9D-7B2570924310}.Release|Any CPU.Build.0 = Release|Any CPU
		{FF6626F3-3194-C9FD-0962-13139FB09B50}.Debug|Any CPU.ActiveCfg = Debug|Any CPU
		{FF6626F3-3194-C9FD-0962-13139FB09B50}.Debug|Any CPU.Build.0 = Debug|Any CPU
		{FF6626F3-3194-C9FD-0962-13139FB09B50}.Release|Any CPU.ActiveCfg = Release|Any CPU
		{FF6626F3-3194-C9FD-0962-13139FB09B50}.Release|Any CPU.Build.0 = Release|Any CPU
	EndGlobalSection
	GlobalSection(SolutionProperties) = preSolution
		HideSolutionNode = FALSE
	EndGlobalSection
	GlobalSection(MonoDevelopProperties) = preSolution
		StartupItem = Assembly-CSharp.csproj
	EndGlobalSection
EndGlobal
